
Microsoft Visual Studio Solution File, Format Version 12.00
# Visual Studio Version 17
VisualStudioVersion = 17.9.34622.214
MinimumVisualStudioVersion = 10.0.40219.1
Project("{FAE04EC0-301F-11D3-BF4B-00C04F79EFBC}") = "NotePad", "NotePad.csproj", "{20106D0F-7394-41FC-B4E4-8AF2F5BC8611}"
EndProject
Global
	GlobalSection(SolutionConfigurationPlatforms) = preSolution
		Debug|Any CPU = Debug|Any CPU
		Release|Any CPU = Release|Any CPU
	EndGlobalSection
	GlobalSection(ProjectConfigurationPlatforms) = postSolution
		{20106D0F-7394-41FC-B4E4-8AF2F5BC8611}.Debug|Any CPU.ActiveCfg = Debug|Any CPU
		{20106D0F-7394-41FC-B4E4-8AF2F5BC8611}.Debug|Any CPU.Build.0 = Debug|Any CPU
		{20106D0F-7394-41FC-B4E4-8AF2F5BC8611}.Release|Any CPU.ActiveCfg = Release|Any CPU
		{20106D0F-7394-41FC-B4E4-8AF2F5BC8611}.Release|Any CPU.Build.0 = Release|Any CPU
	EndGlobalSection
	GlobalSection(SolutionProperties) = preSolution
		HideSolutionNode = FALSE
	EndGlobalSection
	GlobalSection(ExtensibilityGlobals) = postSolution
		SolutionGuid = {C9D00A5F-D6D7-4159-B776-91A82E53A51F}
	EndGlobalSection
EndGlobal
